
Microsoft Visual Studio Solution File, Format Version 12.00
# Visual Studio Version 17
VisualStudioVersion = 17.10.34916.146
MinimumVisualStudioVersion = 10.0.40219.1
Project("{9A19103F-16F7-4668-BE54-9A1E7A4F7556}") = "Ex04.Menus.Test", "Ex04.Menus.Test\Ex04.Menus.Test.csproj", "{C1F8492E-416E-471D-99DC-85E6E1C69956}"
EndProject
Project("{9A19103F-16F7-4668-BE54-9A1E7A4F7556}") = "Ex04.Menus.Interfaces", "Ex04.Menus.Interfaces\Ex04.Menus.Interfaces.csproj", "{3506D012-A620-4D67-A96B-B8716B10F025}"
EndProject
Project("{9A19103F-16F7-4668-BE54-9A1E7A4F7556}") = "Ex04.Menus.Events", "Ex04.Menus.Events\Ex04.Menus.Events.csproj", "{3754C894-A41B-4DF6-91B0-8778B529D8CF}"
EndProject
Global
	GlobalSection(SolutionConfigurationPlatforms) = preSolution
		Debug|Any CPU = Debug|Any CPU
		Release|Any CPU = Release|Any CPU
	EndGlobalSection
	GlobalSection(ProjectConfigurationPlatforms) = postSolution
		{C1F8492E-416E-471D-99DC-85E6E1C69956}.Debug|Any CPU.ActiveCfg = Debug|Any CPU
		{C1F8492E-416E-471D-99DC-85E6E1C69956}.Debug|Any CPU.Build.0 = Debug|Any CPU
		{C1F8492E-416E-471D-99DC-85E6E1C69956}.Release|Any CPU.ActiveCfg = Release|Any CPU
		{C1F8492E-416E-471D-99DC-85E6E1C69956}.Release|Any CPU.Build.0 = Release|Any CPU
		{3506D012-A620-4D67-A96B-B8716B10F025}.Debug|Any CPU.ActiveCfg = Debug|Any CPU
		{3506D012-A620-4D67-A96B-B8716B10F025}.Debug|Any CPU.Build.0 = Debug|Any CPU
		{3506D012-A620-4D67-A96B-B8716B10F025}.Release|Any CPU.ActiveCfg = Release|Any CPU
		{3506D012-A620-4D67-A96B-B8716B10F025}.Release|Any CPU.Build.0 = Release|Any CPU
		{3754C894-A41B-4DF6-91B0-8778B529D8CF}.Debug|Any CPU.ActiveCfg = Debug|Any CPU
		{3754C894-A41B-4DF6-91B0-8778B529D8CF}.Debug|Any CPU.Build.0 = Debug|Any CPU
		{3754C894-A41B-4DF6-91B0-8778B529D8CF}.Release|Any CPU.ActiveCfg = Release|Any CPU
		{3754C894-A41B-4DF6-91B0-8778B529D8CF}.Release|Any CPU.Build.0 = Release|Any CPU
	EndGlobalSection
	GlobalSection(SolutionProperties) = preSolution
		HideSolutionNode = FALSE
	EndGlobalSection
	GlobalSection(ExtensibilityGlobals) = postSolution
		SolutionGuid = {136357EC-C6D6-4B25-AFEE-AC41CCA396C7}
	EndGlobalSection
EndGlobal
